// !$*UTF8*$!
{
	archiveVersion = 1;
	classes = {
	};
	objectVersion = 46;
	objects = {

/* Begin PBXBuildFile section */
		1549BAFEC08C41158C58AE1C /* libPods-ios-foo.a in Frameworks */ = {isa = PBXBuildFile; fileRef = C97736658C4F434CAA86E9BF /* libPods-ios-foo.a */; };
		2E3D577952F64BC08F3C5DB7 /* libPods-ios-fooTests.a in Frameworks */ = {isa = PBXBuildFile; fileRef = E37F34FDF9B04341B1DACEE8 /* libPods-ios-fooTests.a */; };
		5AB5C74219E8A94B0067AC6C /* Foundation.framework in Frameworks */ = {isa = PBXBuildFile; fileRef = 5AB5C74119E8A94B0067AC6C /* Foundation.framework */; };
		5AB5C74419E8A94B0067AC6C /* CoreGraphics.framework in Frameworks */ = {isa = PBXBuildFile; fileRef = 5AB5C74319E8A94B0067AC6C /* CoreGraphics.framework */; };
		5AB5C74619E8A94B0067AC6C /* UIKit.framework in Frameworks */ = {isa = PBXBuildFile; fileRef = 5AB5C74519E8A94B0067AC6C /* UIKit.framework */; };
		5AB5C74819E8A94B0067AC6C /* CoreData.framework in Frameworks */ = {isa = PBXBuildFile; fileRef = 5AB5C74719E8A94B0067AC6C /* CoreData.framework */; };
		5AB5C74E19E8A94B0067AC6C /* InfoPlist.strings in Resources */ = {isa = PBXBuildFile; fileRef = 5AB5C74C19E8A94B0067AC6C /* InfoPlist.strings */; };
		5AB5C75019E8A94B0067AC6C /* main.m in Sources */ = {isa = PBXBuildFile; fileRef = 5AB5C74F19E8A94B0067AC6C /* main.m */; };
		5AB5C75719E8A94B0067AC6C /* ios_foo.xcdatamodeld in Sources */ = {isa = PBXBuildFile; fileRef = 5AB5C75519E8A94B0067AC6C /* ios_foo.xcdatamodeld */; };
		5AB5C75919E8A94B0067AC6C /* Images.xcassets in Resources */ = {isa = PBXBuildFile; fileRef = 5AB5C75819E8A94B0067AC6C /* Images.xcassets */; };
		5AB5C76019E8A94B0067AC6C /* XCTest.framework in Frameworks */ = {isa = PBXBuildFile; fileRef = 5AB5C75F19E8A94B0067AC6C /* XCTest.framework */; };
		5AB5C76119E8A94B0067AC6C /* Foundation.framework in Frameworks */ = {isa = PBXBuildFile; fileRef = 5AB5C74119E8A94B0067AC6C /* Foundation.framework */; };
		5AB5C76219E8A94B0067AC6C /* UIKit.framework in Frameworks */ = {isa = PBXBuildFile; fileRef = 5AB5C74519E8A94B0067AC6C /* UIKit.framework */; };
		5AB5C76319E8A94B0067AC6C /* CoreData.framework in Frameworks */ = {isa = PBXBuildFile; fileRef = 5AB5C74719E8A94B0067AC6C /* CoreData.framework */; };
		5AB5C76B19E8A94B0067AC6C /* InfoPlist.strings in Resources */ = {isa = PBXBuildFile; fileRef = 5AB5C76919E8A94B0067AC6C /* InfoPlist.strings */; };
		5AB5C7A619E8C1060067AC6C /* FOOCoreDataFactory.m in Sources */ = {isa = PBXBuildFile; fileRef = 5AB5C7A319E8C1060067AC6C /* FOOCoreDataFactory.m */; };
		5AB5C7A719E8C1060067AC6C /* FOONSDocumentsDirectoryLocator.m in Sources */ = {isa = PBXBuildFile; fileRef = 5AB5C7A519E8C1060067AC6C /* FOONSDocumentsDirectoryLocator.m */; };
		5AB5C7AA19E8C1130067AC6C /* FOOAppDelegate.m in Sources */ = {isa = PBXBuildFile; fileRef = 5AB5C7A919E8C1130067AC6C /* FOOAppDelegate.m */; };
		5AB5C7AE19E8C17F0067AC6C /* FOONSDocumentsDirectoryLocatorTests.m in Sources */ = {isa = PBXBuildFile; fileRef = 5AB5C7AC19E8C16E0067AC6C /* FOONSDocumentsDirectoryLocatorTests.m */; };
		5AB5C7B219E8C3B60067AC6C /* FOOTweetrListingViewController.m in Sources */ = {isa = PBXBuildFile; fileRef = 5AB5C7B119E8C3B60067AC6C /* FOOTweetrListingViewController.m */; };
		5AB5C7B519E8C4E60067AC6C /* FOOFOOTweetrListingView.m in Sources */ = {isa = PBXBuildFile; fileRef = 5AB5C7B419E8C4E60067AC6C /* FOOFOOTweetrListingView.m */; };
/* End PBXBuildFile section */

/* Begin PBXContainerItemProxy section */
		5AB5C76419E8A94B0067AC6C /* PBXContainerItemProxy */ = {
			isa = PBXContainerItemProxy;
			containerPortal = 5AB5C73619E8A94B0067AC6C /* Project object */;
			proxyType = 1;
			remoteGlobalIDString = 5AB5C73D19E8A94B0067AC6C;
			remoteInfo = "ios-foo";
		};
/* End PBXContainerItemProxy section */

/* Begin PBXFileReference section */
		5AB5C73E19E8A94B0067AC6C /* ios-foo.app */ = {isa = PBXFileReference; explicitFileType = wrapper.application; includeInIndex = 0; path = "ios-foo.app"; sourceTree = BUILT_PRODUCTS_DIR; };
		5AB5C74119E8A94B0067AC6C /* Foundation.framework */ = {isa = PBXFileReference; lastKnownFileType = wrapper.framework; name = Foundation.framework; path = System/Library/Frameworks/Foundation.framework; sourceTree = SDKROOT; };
		5AB5C74319E8A94B0067AC6C /* CoreGraphics.framework */ = {isa = PBXFileReference; lastKnownFileType = wrapper.framework; name = CoreGraphics.framework; path = System/Library/Frameworks/CoreGraphics.framework; sourceTree = SDKROOT; };
		5AB5C74519E8A94B0067AC6C /* UIKit.framework */ = {isa = PBXFileReference; lastKnownFileType = wrapper.framework; name = UIKit.framework; path = System/Library/Frameworks/UIKit.framework; sourceTree = SDKROOT; };
		5AB5C74719E8A94B0067AC6C /* CoreData.framework */ = {isa = PBXFileReference; lastKnownFileType = wrapper.framework; name = CoreData.framework; path = System/Library/Frameworks/CoreData.framework; sourceTree = SDKROOT; };
		5AB5C74B19E8A94B0067AC6C /* ios-foo-Info.plist */ = {isa = PBXFileReference; lastKnownFileType = text.plist.xml; path = "ios-foo-Info.plist"; sourceTree = "<group>"; };
		5AB5C74D19E8A94B0067AC6C /* en */ = {isa = PBXFileReference; lastKnownFileType = text.plist.strings; name = en; path = en.lproj/InfoPlist.strings; sourceTree = "<group>"; };
		5AB5C74F19E8A94B0067AC6C /* main.m */ = {isa = PBXFileReference; lastKnownFileType = sourcecode.c.objc; path = main.m; sourceTree = "<group>"; };
		5AB5C75119E8A94B0067AC6C /* ios-foo-Prefix.pch */ = {isa = PBXFileReference; lastKnownFileType = sourcecode.c.h; path = "ios-foo-Prefix.pch"; sourceTree = "<group>"; };
		5AB5C75619E8A94B0067AC6C /* ios_foo.xcdatamodel */ = {isa = PBXFileReference; lastKnownFileType = wrapper.xcdatamodel; path = ios_foo.xcdatamodel; sourceTree = "<group>"; };
		5AB5C75819E8A94B0067AC6C /* Images.xcassets */ = {isa = PBXFileReference; lastKnownFileType = folder.assetcatalog; path = Images.xcassets; sourceTree = "<group>"; };
		5AB5C75E19E8A94B0067AC6C /* ios-fooTests.xctest */ = {isa = PBXFileReference; explicitFileType = wrapper.cfbundle; includeInIndex = 0; path = "ios-fooTests.xctest"; sourceTree = BUILT_PRODUCTS_DIR; };
		5AB5C75F19E8A94B0067AC6C /* XCTest.framework */ = {isa = PBXFileReference; lastKnownFileType = wrapper.framework; name = XCTest.framework; path = Library/Frameworks/XCTest.framework; sourceTree = DEVELOPER_DIR; };
		5AB5C76819E8A94B0067AC6C /* ios-fooTests-Info.plist */ = {isa = PBXFileReference; lastKnownFileType = text.plist.xml; path = "ios-fooTests-Info.plist"; sourceTree = "<group>"; };
		5AB5C76A19E8A94B0067AC6C /* en */ = {isa = PBXFileReference; lastKnownFileType = text.plist.strings; name = en; path = en.lproj/InfoPlist.strings; sourceTree = "<group>"; };
		5AB5C7A219E8C1060067AC6C /* FOOCoreDataFactory.h */ = {isa = PBXFileReference; fileEncoding = 4; lastKnownFileType = sourcecode.c.h; name = FOOCoreDataFactory.h; path = src/FOOCoreDataFactory.h; sourceTree = "<group>"; };
		5AB5C7A319E8C1060067AC6C /* FOOCoreDataFactory.m */ = {isa = PBXFileReference; fileEncoding = 4; lastKnownFileType = sourcecode.c.objc; name = FOOCoreDataFactory.m; path = src/FOOCoreDataFactory.m; sourceTree = "<group>"; };
		5AB5C7A419E8C1060067AC6C /* FOONSDocumentsDirectoryLocator.h */ = {isa = PBXFileReference; fileEncoding = 4; lastKnownFileType = sourcecode.c.h; name = FOONSDocumentsDirectoryLocator.h; path = src/FOONSDocumentsDirectoryLocator.h; sourceTree = "<group>"; };
		5AB5C7A519E8C1060067AC6C /* FOONSDocumentsDirectoryLocator.m */ = {isa = PBXFileReference; fileEncoding = 4; lastKnownFileType = sourcecode.c.objc; name = FOONSDocumentsDirectoryLocator.m; path = src/FOONSDocumentsDirectoryLocator.m; sourceTree = "<group>"; };
		5AB5C7A819E8C1130067AC6C /* FOOAppDelegate.h */ = {isa = PBXFileReference; fileEncoding = 4; lastKnownFileType = sourcecode.c.h; name = FOOAppDelegate.h; path = src/FOOAppDelegate.h; sourceTree = "<group>"; };
		5AB5C7A919E8C1130067AC6C /* FOOAppDelegate.m */ = {isa = PBXFileReference; fileEncoding = 4; lastKnownFileType = sourcecode.c.objc; name = FOOAppDelegate.m; path = src/FOOAppDelegate.m; sourceTree = "<group>"; };
		5AB5C7AC19E8C16E0067AC6C /* FOONSDocumentsDirectoryLocatorTests.m */ = {isa = PBXFileReference; fileEncoding = 4; lastKnownFileType = sourcecode.c.objc; name = FOONSDocumentsDirectoryLocatorTests.m; path = test/FOONSDocumentsDirectoryLocatorTests.m; sourceTree = "<group>"; };
		5AB5C7B019E8C3B60067AC6C /* FOOTweetrListingViewController.h */ = {isa = PBXFileReference; fileEncoding = 4; lastKnownFileType = sourcecode.c.h; name = FOOTweetrListingViewController.h; path = src/FOOTweetrListingViewController.h; sourceTree = "<group>"; };
		5AB5C7B119E8C3B60067AC6C /* FOOTweetrListingViewController.m */ = {isa = PBXFileReference; fileEncoding = 4; lastKnownFileType = sourcecode.c.objc; name = FOOTweetrListingViewController.m; path = src/FOOTweetrListingViewController.m; sourceTree = "<group>"; };
		5AB5C7B319E8C4E60067AC6C /* FOOFOOTweetrListingView.h */ = {isa = PBXFileReference; fileEncoding = 4; lastKnownFileType = sourcecode.c.h; name = FOOFOOTweetrListingView.h; path = src/FOOFOOTweetrListingView.h; sourceTree = "<group>"; };
		5AB5C7B419E8C4E60067AC6C /* FOOFOOTweetrListingView.m */ = {isa = PBXFileReference; fileEncoding = 4; lastKnownFileType = sourcecode.c.objc; name = FOOFOOTweetrListingView.m; path = src/FOOFOOTweetrListingView.m; sourceTree = "<group>"; };
		656CC97A974C451DAB91987C /* Pods-ios-foo.xcconfig */ = {isa = PBXFileReference; includeInIndex = 1; lastKnownFileType = text.xcconfig; name = "Pods-ios-foo.xcconfig"; path = "Pods/Pods-ios-foo.xcconfig"; sourceTree = "<group>"; };
		C97736658C4F434CAA86E9BF /* libPods-ios-foo.a */ = {isa = PBXFileReference; explicitFileType = archive.ar; includeInIndex = 0; path = "libPods-ios-foo.a"; sourceTree = BUILT_PRODUCTS_DIR; };
		E37F34FDF9B04341B1DACEE8 /* libPods-ios-fooTests.a */ = {isa = PBXFileReference; explicitFileType = archive.ar; includeInIndex = 0; path = "libPods-ios-fooTests.a"; sourceTree = BUILT_PRODUCTS_DIR; };
		EF8B38F06351478A9720FD05 /* Pods-ios-fooTests.xcconfig */ = {isa = PBXFileReference; includeInIndex = 1; lastKnownFileType = text.xcconfig; name = "Pods-ios-fooTests.xcconfig"; path = "Pods/Pods-ios-fooTests.xcconfig"; sourceTree = "<group>"; };
/* End PBXFileReference section */

/* Begin PBXFrameworksBuildPhase section */
		5AB5C73B19E8A94B0067AC6C /* Frameworks */ = {
			isa = PBXFrameworksBuildPhase;
			buildActionMask = 2147483647;
			files = (
				5AB5C74419E8A94B0067AC6C /* CoreGraphics.framework in Frameworks */,
				5AB5C74819E8A94B0067AC6C /* CoreData.framework in Frameworks */,
				5AB5C74619E8A94B0067AC6C /* UIKit.framework in Frameworks */,
				5AB5C74219E8A94B0067AC6C /* Foundation.framework in Frameworks */,
				1549BAFEC08C41158C58AE1C /* libPods-ios-foo.a in Frameworks */,
			);
			runOnlyForDeploymentPostprocessing = 0;
		};
		5AB5C75B19E8A94B0067AC6C /* Frameworks */ = {
			isa = PBXFrameworksBuildPhase;
			buildActionMask = 2147483647;
			files = (
				5AB5C76019E8A94B0067AC6C /* XCTest.framework in Frameworks */,
				5AB5C76319E8A94B0067AC6C /* CoreData.framework in Frameworks */,
				5AB5C76219E8A94B0067AC6C /* UIKit.framework in Frameworks */,
				5AB5C76119E8A94B0067AC6C /* Foundation.framework in Frameworks */,
				2E3D577952F64BC08F3C5DB7 /* libPods-ios-fooTests.a in Frameworks */,
			);
			runOnlyForDeploymentPostprocessing = 0;
		};
/* End PBXFrameworksBuildPhase section */

/* Begin PBXGroup section */
		5AB5C73519E8A94B0067AC6C = {
			isa = PBXGroup;
			children = (
				5AB5C74919E8A94B0067AC6C /* ios-foo */,
				5AB5C76619E8A94B0067AC6C /* ios-fooTests */,
				5AB5C74019E8A94B0067AC6C /* Frameworks */,
				5AB5C73F19E8A94B0067AC6C /* Products */,
				656CC97A974C451DAB91987C /* Pods-ios-foo.xcconfig */,
				EF8B38F06351478A9720FD05 /* Pods-ios-fooTests.xcconfig */,
			);
			sourceTree = "<group>";
		};
		5AB5C73F19E8A94B0067AC6C /* Products */ = {
			isa = PBXGroup;
			children = (
				5AB5C73E19E8A94B0067AC6C /* ios-foo.app */,
				5AB5C75E19E8A94B0067AC6C /* ios-fooTests.xctest */,
			);
			name = Products;
			sourceTree = "<group>";
		};
		5AB5C74019E8A94B0067AC6C /* Frameworks */ = {
			isa = PBXGroup;
			children = (
				5AB5C74119E8A94B0067AC6C /* Foundation.framework */,
				5AB5C74319E8A94B0067AC6C /* CoreGraphics.framework */,
				5AB5C74519E8A94B0067AC6C /* UIKit.framework */,
				5AB5C74719E8A94B0067AC6C /* CoreData.framework */,
				5AB5C75F19E8A94B0067AC6C /* XCTest.framework */,
				C97736658C4F434CAA86E9BF /* libPods-ios-foo.a */,
				E37F34FDF9B04341B1DACEE8 /* libPods-ios-fooTests.a */,
			);
			name = Frameworks;
			sourceTree = "<group>";
		};
		5AB5C74919E8A94B0067AC6C /* ios-foo */ = {
			isa = PBXGroup;
			children = (
				5AB5C7A819E8C1130067AC6C /* FOOAppDelegate.h */,
				5AB5C7A919E8C1130067AC6C /* FOOAppDelegate.m */,
				5AB5C78F19E8AC930067AC6C /* utils */,
				5AB5C78B19E8ABAA0067AC6C /* coredata */,
				5AB5C75819E8A94B0067AC6C /* Images.xcassets */,
				5AB5C75519E8A94B0067AC6C /* ios_foo.xcdatamodeld */,
				5AB5C74A19E8A94B0067AC6C /* Supporting Files */,
				5AB5C7B019E8C3B60067AC6C /* FOOTweetrListingViewController.h */,
				5AB5C7B119E8C3B60067AC6C /* FOOTweetrListingViewController.m */,
				5AB5C7B319E8C4E60067AC6C /* FOOFOOTweetrListingView.h */,
				5AB5C7B419E8C4E60067AC6C /* FOOFOOTweetrListingView.m */,
			);
			path = "ios-foo";
			sourceTree = "<group>";
		};
		5AB5C74A19E8A94B0067AC6C /* Supporting Files */ = {
			isa = PBXGroup;
			children = (
				5AB5C74B19E8A94B0067AC6C /* ios-foo-Info.plist */,
				5AB5C74C19E8A94B0067AC6C /* InfoPlist.strings */,
				5AB5C74F19E8A94B0067AC6C /* main.m */,
				5AB5C75119E8A94B0067AC6C /* ios-foo-Prefix.pch */,
			);
			name = "Supporting Files";
			sourceTree = "<group>";
		};
		5AB5C76619E8A94B0067AC6C /* ios-fooTests */ = {
			isa = PBXGroup;
			children = (
				5AB5C76719E8A94B0067AC6C /* Supporting Files */,
			);
			path = "ios-fooTests";
			sourceTree = "<group>";
		};
		5AB5C76719E8A94B0067AC6C /* Supporting Files */ = {
			isa = PBXGroup;
			children = (
				5AB5C76819E8A94B0067AC6C /* ios-fooTests-Info.plist */,
				5AB5C76919E8A94B0067AC6C /* InfoPlist.strings */,
			);
			name = "Supporting Files";
			sourceTree = "<group>";
		};
		5AB5C78B19E8ABAA0067AC6C /* coredata */ = {
			isa = PBXGroup;
			children = (
			);
			name = coredata;
			sourceTree = "<group>";
		};
		5AB5C78F19E8AC930067AC6C /* utils */ = {
			isa = PBXGroup;
			children = (
				5AB5C7AB19E8C1550067AC6C /* Tests */,
				5AB5C7A219E8C1060067AC6C /* FOOCoreDataFactory.h */,
				5AB5C7A319E8C1060067AC6C /* FOOCoreDataFactory.m */,
				5AB5C7A419E8C1060067AC6C /* FOONSDocumentsDirectoryLocator.h */,
				5AB5C7A519E8C1060067AC6C /* FOONSDocumentsDirectoryLocator.m */,
			);
			name = utils;
			sourceTree = "<group>";
		};
		5AB5C7AB19E8C1550067AC6C /* Tests */ = {
			isa = PBXGroup;
			children = (
				5AB5C7AC19E8C16E0067AC6C /* FOONSDocumentsDirectoryLocatorTests.m */,
			);
			name = Tests;
			sourceTree = "<group>";
		};
/* End PBXGroup section */

/* Begin PBXNativeTarget section */
		5AB5C73D19E8A94B0067AC6C /* ios-foo */ = {
			isa = PBXNativeTarget;
			buildConfigurationList = 5AB5C77019E8A94B0067AC6C /* Build configuration list for PBXNativeTarget "ios-foo" */;
			buildPhases = (
				FBF2B373369845019942C1EB /* Check Pods Manifest.lock */,
				5AB5C73A19E8A94B0067AC6C /* Sources */,
				5AB5C73B19E8A94B0067AC6C /* Frameworks */,
				5AB5C73C19E8A94B0067AC6C /* Resources */,
				5DB9A13656114F28A32231CC /* Copy Pods Resources */,
			);
			buildRules = (
			);
			dependencies = (
			);
			name = "ios-foo";
			productName = "ios-foo";
			productReference = 5AB5C73E19E8A94B0067AC6C /* ios-foo.app */;
			productType = "com.apple.product-type.application";
		};
		5AB5C75D19E8A94B0067AC6C /* ios-fooTests */ = {
			isa = PBXNativeTarget;
			buildConfigurationList = 5AB5C77319E8A94B0067AC6C /* Build configuration list for PBXNativeTarget "ios-fooTests" */;
			buildPhases = (
				7CD6499D5C4C4006A0964F1E /* Check Pods Manifest.lock */,
				5AB5C75A19E8A94B0067AC6C /* Sources */,
				5AB5C75B19E8A94B0067AC6C /* Frameworks */,
				5AB5C75C19E8A94B0067AC6C /* Resources */,
				6B52EB5030654A59B3EC405F /* Copy Pods Resources */,
			);
			buildRules = (
			);
			dependencies = (
				5AB5C76519E8A94B0067AC6C /* PBXTargetDependency */,
			);
			name = "ios-fooTests";
			productName = "ios-fooTests";
			productReference = 5AB5C75E19E8A94B0067AC6C /* ios-fooTests.xctest */;
			productType = "com.apple.product-type.bundle.unit-test";
		};
/* End PBXNativeTarget section */

/* Begin PBXProject section */
		5AB5C73619E8A94B0067AC6C /* Project object */ = {
			isa = PBXProject;
			attributes = {
				CLASSPREFIX = FOO;
				LastUpgradeCheck = 0510;
				ORGANIZATIONNAME = asynchrony.com;
				TargetAttributes = {
					5AB5C75D19E8A94B0067AC6C = {
						TestTargetID = 5AB5C73D19E8A94B0067AC6C;
					};
				};
			};
			buildConfigurationList = 5AB5C73919E8A94B0067AC6C /* Build configuration list for PBXProject "ios-foo" */;
			compatibilityVersion = "Xcode 3.2";
			developmentRegion = English;
			hasScannedForEncodings = 0;
			knownRegions = (
				en,
			);
			mainGroup = 5AB5C73519E8A94B0067AC6C;
			productRefGroup = 5AB5C73F19E8A94B0067AC6C /* Products */;
			projectDirPath = "";
			projectRoot = "";
			targets = (
				5AB5C73D19E8A94B0067AC6C /* ios-foo */,
				5AB5C75D19E8A94B0067AC6C /* ios-fooTests */,
			);
		};
/* End PBXProject section */

/* Begin PBXResourcesBuildPhase section */
		5AB5C73C19E8A94B0067AC6C /* Resources */ = {
			isa = PBXResourcesBuildPhase;
			buildActionMask = 2147483647;
			files = (
				5AB5C74E19E8A94B0067AC6C /* InfoPlist.strings in Resources */,
				5AB5C75919E8A94B0067AC6C /* Images.xcassets in Resources */,
			);
			runOnlyForDeploymentPostprocessing = 0;
		};
		5AB5C75C19E8A94B0067AC6C /* Resources */ = {
			isa = PBXResourcesBuildPhase;
			buildActionMask = 2147483647;
			files = (
				5AB5C76B19E8A94B0067AC6C /* InfoPlist.strings in Resources */,
			);
			runOnlyForDeploymentPostprocessing = 0;
		};
/* End PBXResourcesBuildPhase section */

/* Begin PBXShellScriptBuildPhase section */
		5DB9A13656114F28A32231CC /* Copy Pods Resources */ = {
			isa = PBXShellScriptBuildPhase;
			buildActionMask = 2147483647;
			files = (
			);
			inputPaths = (
			);
			name = "Copy Pods Resources";
			outputPaths = (
			);
			runOnlyForDeploymentPostprocessing = 0;
			shellPath = /bin/sh;
			shellScript = "\"${SRCROOT}/Pods/Pods-ios-foo-resources.sh\"\n";
			showEnvVarsInLog = 0;
		};
		6B52EB5030654A59B3EC405F /* Copy Pods Resources */ = {
			isa = PBXShellScriptBuildPhase;
			buildActionMask = 2147483647;
			files = (
			);
			inputPaths = (
			);
			name = "Copy Pods Resources";
			outputPaths = (
			);
			runOnlyForDeploymentPostprocessing = 0;
			shellPath = /bin/sh;
			shellScript = "\"${SRCROOT}/Pods/Pods-ios-fooTests-resources.sh\"\n";
			showEnvVarsInLog = 0;
		};
		7CD6499D5C4C4006A0964F1E /* Check Pods Manifest.lock */ = {
			isa = PBXShellScriptBuildPhase;
			buildActionMask = 2147483647;
			files = (
			);
			inputPaths = (
			);
			name = "Check Pods Manifest.lock";
			outputPaths = (
			);
			runOnlyForDeploymentPostprocessing = 0;
			shellPath = /bin/sh;
			shellScript = "diff \"${PODS_ROOT}/../Podfile.lock\" \"${PODS_ROOT}/Manifest.lock\" > /dev/null\nif [[ $? != 0 ]] ; then\n    cat << EOM\nerror: The sandbox is not in sync with the Podfile.lock. Run 'pod install' or update your CocoaPods installation.\nEOM\n    exit 1\nfi\n";
			showEnvVarsInLog = 0;
		};
		FBF2B373369845019942C1EB /* Check Pods Manifest.lock */ = {
			isa = PBXShellScriptBuildPhase;
			buildActionMask = 2147483647;
			files = (
			);
			inputPaths = (
			);
			name = "Check Pods Manifest.lock";
			outputPaths = (
			);
			runOnlyForDeploymentPostprocessing = 0;
			shellPath = /bin/sh;
			shellScript = "diff \"${PODS_ROOT}/../Podfile.lock\" \"${PODS_ROOT}/Manifest.lock\" > /dev/null\nif [[ $? != 0 ]] ; then\n    cat << EOM\nerror: The sandbox is not in sync with the Podfile.lock. Run 'pod install' or update your CocoaPods installation.\nEOM\n    exit 1\nfi\n";
			showEnvVarsInLog = 0;
		};
/* End PBXShellScriptBuildPhase section */

/* Begin PBXSourcesBuildPhase section */
		5AB5C73A19E8A94B0067AC6C /* Sources */ = {
			isa = PBXSourcesBuildPhase;
			buildActionMask = 2147483647;
			files = (
				5AB5C7AA19E8C1130067AC6C /* FOOAppDelegate.m in Sources */,
				5AB5C75019E8A94B0067AC6C /* main.m in Sources */,
				5AB5C75719E8A94B0067AC6C /* ios_foo.xcdatamodeld in Sources */,
				5AB5C7B519E8C4E60067AC6C /* FOOFOOTweetrListingView.m in Sources */,
				5AB5C7A719E8C1060067AC6C /* FOONSDocumentsDirectoryLocator.m in Sources */,
				5AB5C7B219E8C3B60067AC6C /* FOOTweetrListingViewController.m in Sources */,
				5AB5C7A619E8C1060067AC6C /* FOOCoreDataFactory.m in Sources */,
			);
			runOnlyForDeploymentPostprocessing = 0;
		};
		5AB5C75A19E8A94B0067AC6C /* Sources */ = {
			isa = PBXSourcesBuildPhase;
			buildActionMask = 2147483647;
			files = (
				5AB5C7AE19E8C17F0067AC6C /* FOONSDocumentsDirectoryLocatorTests.m in Sources */,
			);
			runOnlyForDeploymentPostprocessing = 0;
		};
/* End PBXSourcesBuildPhase section */

/* Begin PBXTargetDependency section */
		5AB5C76519E8A94B0067AC6C /* PBXTargetDependency */ = {
			isa = PBXTargetDependency;
			target = 5AB5C73D19E8A94B0067AC6C /* ios-foo */;
			targetProxy = 5AB5C76419E8A94B0067AC6C /* PBXContainerItemProxy */;
		};
/* End PBXTargetDependency section */

/* Begin PBXVariantGroup section */
		5AB5C74C19E8A94B0067AC6C /* InfoPlist.strings */ = {
			isa = PBXVariantGroup;
			children = (
				5AB5C74D19E8A94B0067AC6C /* en */,
			);
			name = InfoPlist.strings;
			sourceTree = "<group>";
		};
		5AB5C76919E8A94B0067AC6C /* InfoPlist.strings */ = {
			isa = PBXVariantGroup;
			children = (
				5AB5C76A19E8A94B0067AC6C /* en */,
			);
			name = InfoPlist.strings;
			sourceTree = "<group>";
		};
/* End PBXVariantGroup section */

/* Begin XCBuildConfiguration section */
		5AB5C76E19E8A94B0067AC6C /* Debug */ = {
			isa = XCBuildConfiguration;
			buildSettings = {
				ALWAYS_SEARCH_USER_PATHS = NO;
				CLANG_CXX_LANGUAGE_STANDARD = "gnu++0x";
				CLANG_CXX_LIBRARY = "libc++";
				CLANG_ENABLE_MODULES = YES;
				CLANG_ENABLE_OBJC_ARC = YES;
				CLANG_WARN_BOOL_CONVERSION = YES;
				CLANG_WARN_CONSTANT_CONVERSION = YES;
				CLANG_WARN_DIRECT_OBJC_ISA_USAGE = YES_ERROR;
				CLANG_WARN_EMPTY_BODY = YES;
				CLANG_WARN_ENUM_CONVERSION = YES;
				CLANG_WARN_INT_CONVERSION = YES;
				CLANG_WARN_OBJC_ROOT_CLASS = YES_ERROR;
				CLANG_WARN__DUPLICATE_METHOD_MATCH = YES;
				"CODE_SIGN_IDENTITY[sdk=iphoneos*]" = "iPhone Developer";
				COPY_PHASE_STRIP = NO;
				GCC_C_LANGUAGE_STANDARD = gnu99;
				GCC_DYNAMIC_NO_PIC = NO;
				GCC_OPTIMIZATION_LEVEL = 0;
				GCC_PREPROCESSOR_DEFINITIONS = (
					"DEBUG=1",
					"$(inherited)",
				);
				GCC_SYMBOLS_PRIVATE_EXTERN = NO;
				GCC_WARN_64_TO_32_BIT_CONVERSION = YES;
				GCC_WARN_ABOUT_RETURN_TYPE = YES_ERROR;
				GCC_WARN_UNDECLARED_SELECTOR = YES;
				GCC_WARN_UNINITIALIZED_AUTOS = YES_AGGRESSIVE;
				GCC_WARN_UNUSED_FUNCTION = YES;
				GCC_WARN_UNUSED_VARIABLE = YES;
				IPHONEOS_DEPLOYMENT_TARGET = 7.1;
				ONLY_ACTIVE_ARCH = YES;
				SDKROOT = iphoneos;
				TARGETED_DEVICE_FAMILY = 2;
			};
			name = Debug;
		};
		5AB5C76F19E8A94B0067AC6C /* Release */ = {
			isa = XCBuildConfiguration;
			buildSettings = {
				ALWAYS_SEARCH_USER_PATHS = NO;
				CLANG_CXX_LANGUAGE_STANDARD = "gnu++0x";
				CLANG_CXX_LIBRARY = "libc++";
				CLANG_ENABLE_MODULES = YES;
				CLANG_ENABLE_OBJC_ARC = YES;
				CLANG_WARN_BOOL_CONVERSION = YES;
				CLANG_WARN_CONSTANT_CONVERSION = YES;
				CLANG_WARN_DIRECT_OBJC_ISA_USAGE = YES_ERROR;
				CLANG_WARN_EMPTY_BODY = YES;
				CLANG_WARN_ENUM_CONVERSION = YES;
				CLANG_WARN_INT_CONVERSION = YES;
				CLANG_WARN_OBJC_ROOT_CLASS = YES_ERROR;
				CLANG_WARN__DUPLICATE_METHOD_MATCH = YES;
				"CODE_SIGN_IDENTITY[sdk=iphoneos*]" = "iPhone Developer";
				COPY_PHASE_STRIP = YES;
				ENABLE_NS_ASSERTIONS = NO;
				GCC_C_LANGUAGE_STANDARD = gnu99;
				GCC_WARN_64_TO_32_BIT_CONVERSION = YES;
				GCC_WARN_ABOUT_RETURN_TYPE = YES_ERROR;
				GCC_WARN_UNDECLARED_SELECTOR = YES;
				GCC_WARN_UNINITIALIZED_AUTOS = YES_AGGRESSIVE;
				GCC_WARN_UNUSED_FUNCTION = YES;
				GCC_WARN_UNUSED_VARIABLE = YES;
				IPHONEOS_DEPLOYMENT_TARGET = 7.1;
				SDKROOT = iphoneos;
				TARGETED_DEVICE_FAMILY = 2;
				VALIDATE_PRODUCT = YES;
			};
			name = Release;
		};
		5AB5C77119E8A94B0067AC6C /* Debug */ = {
			isa = XCBuildConfiguration;
			baseConfigurationReference = 656CC97A974C451DAB91987C /* Pods-ios-foo.xcconfig */;
			buildSettings = {
				ASSETCATALOG_COMPILER_APPICON_NAME = AppIcon;
				ASSETCATALOG_COMPILER_LAUNCHIMAGE_NAME = LaunchImage;
				GCC_PRECOMPILE_PREFIX_HEADER = YES;
				GCC_PREFIX_HEADER = "ios-foo/ios-foo-Prefix.pch";
				INFOPLIST_FILE = "ios-foo/ios-foo-Info.plist";
				PRODUCT_NAME = "$(TARGET_NAME)";
				WRAPPER_EXTENSION = app;
			};
			name = Debug;
		};
		5AB5C77219E8A94B0067AC6C /* Release */ = {
			isa = XCBuildConfiguration;
			baseConfigurationReference = 656CC97A974C451DAB91987C /* Pods-ios-foo.xcconfig */;
			buildSettings = {
				ASSETCATALOG_COMPILER_APPICON_NAME = AppIcon;
				ASSETCATALOG_COMPILER_LAUNCHIMAGE_NAME = LaunchImage;
				GCC_PRECOMPILE_PREFIX_HEADER = YES;
				GCC_PREFIX_HEADER = "ios-foo/ios-foo-Prefix.pch";
				INFOPLIST_FILE = "ios-foo/ios-foo-Info.plist";
				PRODUCT_NAME = "$(TARGET_NAME)";
				WRAPPER_EXTENSION = app;
			};
			name = Release;
		};
		5AB5C77419E8A94B0067AC6C /* Debug */ = {
			isa = XCBuildConfiguration;
			baseConfigurationReference = EF8B38F06351478A9720FD05 /* Pods-ios-fooTests.xcconfig */;
			buildSettings = {
				BUNDLE_LOADER = "$(BUILT_PRODUCTS_DIR)/ios-foo.app/ios-foo";
				FRAMEWORK_SEARCH_PATHS = (
					"$(SDKROOT)/Developer/Library/Frameworks",
					"$(inherited)",
					"$(DEVELOPER_FRAMEWORKS_DIR)",
				);
				GCC_PRECOMPILE_PREFIX_HEADER = YES;
				GCC_PREFIX_HEADER = "ios-foo/ios-foo-Prefix.pch";
				GCC_PREPROCESSOR_DEFINITIONS = (
					"DEBUG=1",
					"$(inherited)",
				);
				INFOPLIST_FILE = "ios-fooTests/ios-fooTests-Info.plist";
				PRODUCT_NAME = "$(TARGET_NAME)";
				TEST_HOST = "$(BUNDLE_LOADER)";
				WRAPPER_EXTENSION = xctest;
			};
			name = Debug;
		};
		5AB5C77519E8A94B0067AC6C /* Release */ = {
			isa = XCBuildConfiguration;
			baseConfigurationReference = EF8B38F06351478A9720FD05 /* Pods-ios-fooTests.xcconfig */;
			buildSettings = {
				BUNDLE_LOADER = "$(BUILT_PRODUCTS_DIR)/ios-foo.app/ios-foo";
				FRAMEWORK_SEARCH_PATHS = (
					"$(SDKROOT)/Developer/Library/Frameworks",
					"$(inherited)",
					"$(DEVELOPER_FRAMEWORKS_DIR)",
				);
				GCC_PRECOMPILE_PREFIX_HEADER = YES;
				GCC_PREFIX_HEADER = "ios-foo/ios-foo-Prefix.pch";
				INFOPLIST_FILE = "ios-fooTests/ios-fooTests-Info.plist";
				PRODUCT_NAME = "$(TARGET_NAME)";
				TEST_HOST = "$(BUNDLE_LOADER)";
				WRAPPER_EXTENSION = xctest;
			};
			name = Release;
		};
/* End XCBuildConfiguration section */

/* Begin XCConfigurationList section */
		5AB5C73919E8A94B0067AC6C /* Build configuration list for PBXProject "ios-foo" */ = {
			isa = XCConfigurationList;
			buildConfigurations = (
				5AB5C76E19E8A94B0067AC6C /* Debug */,
				5AB5C76F19E8A94B0067AC6C /* Release */,
			);
			defaultConfigurationIsVisible = 0;
			defaultConfigurationName = Release;
		};
		5AB5C77019E8A94B0067AC6C /* Build configuration list for PBXNativeTarget "ios-foo" */ = {
			isa = XCConfigurationList;
			buildConfigurations = (
				5AB5C77119E8A94B0067AC6C /* Debug */,
				5AB5C77219E8A94B0067AC6C /* Release */,
			);
			defaultConfigurationIsVisible = 0;
			defaultConfigurationName = Release;
		};
		5AB5C77319E8A94B0067AC6C /* Build configuration list for PBXNativeTarget "ios-fooTests" */ = {
			isa = XCConfigurationList;
			buildConfigurations = (
				5AB5C77419E8A94B0067AC6C /* Debug */,
				5AB5C77519E8A94B0067AC6C /* Release */,
			);
			defaultConfigurationIsVisible = 0;
			defaultConfigurationName = Release;
		};
/* End XCConfigurationList section */

/* Begin XCVersionGroup section */
		5AB5C75519E8A94B0067AC6C /* ios_foo.xcdatamodeld */ = {
			isa = XCVersionGroup;
			children = (
				5AB5C75619E8A94B0067AC6C /* ios_foo.xcdatamodel */,
			);
			currentVersion = 5AB5C75619E8A94B0067AC6C /* ios_foo.xcdatamodel */;
			path = ios_foo.xcdatamodeld;
			sourceTree = "<group>";
			versionGroupType = wrapper.xcdatamodel;
		};
/* End XCVersionGroup section */
	};
	rootObject = 5AB5C73619E8A94B0067AC6C /* Project object */;
}
